
Microsoft Visual Studio Solution File, Format Version 12.00
# Visual Studio Version 17
VisualStudioVersion = 17.8.34330.188
MinimumVisualStudioVersion = 10.0.40219.1
Project("{FAE04EC0-301F-11D3-BF4B-00C04F79EFBC}") = "HtmlToTextConverter", "HtmlToTextConverter\HtmlToTextConverter.csproj", "{79F9399E-0FE1-47B8-B1AD-332077AD0786}"
EndProject
Global
	GlobalSection(SolutionConfigurationPlatforms) = preSolution
		Debug|Any CPU = Debug|Any CPU
		Release|Any CPU = Release|Any CPU
	EndGlobalSection
	GlobalSection(ProjectConfigurationPlatforms) = postSolution
		{79F9399E-0FE1-47B8-B1AD-332077AD0786}.Debug|Any CPU.ActiveCfg = Debug|Any CPU
		{79F9399E-0FE1-47B8-B1AD-332077AD0786}.Debug|Any CPU.Build.0 = Debug|Any CPU
		{79F9399E-0FE1-47B8-B1AD-332077AD0786}.Release|Any CPU.ActiveCfg = Release|Any CPU
		{79F9399E-0FE1-47B8-B1AD-332077AD0786}.Release|Any CPU.Build.0 = Release|Any CPU
	EndGlobalSection
	GlobalSection(SolutionProperties) = preSolution
		HideSolutionNode = FALSE
	EndGlobalSection
	GlobalSection(ExtensibilityGlobals) = postSolution
		SolutionGuid = {EFB6E5F2-62A3-403A-BADD-0A8A4CF6B2C4}
	EndGlobalSection
EndGlobal
